
Microsoft Visual Studio Solution File, Format Version 12.00
# Visual Studio 15
VisualStudioVersion = 15.0.28307.136
MinimumVisualStudioVersion = 10.0.40219.1
Project("{2150E333-8FDC-42A3-9474-1A3956D46DE8}") = "1-Aplicação", "1-Aplicação", "{C55AADB8-1A21-4589-ABDD-3CE678B57803}"
EndProject
Project("{2150E333-8FDC-42A3-9474-1A3956D46DE8}") = "2-Domínio", "2-Domínio", "{B02FAD06-F556-4B5F-92CF-BDC5D2B6FB15}"
EndProject
Project("{9A19103F-16F7-4668-BE54-9A1E7A4F7556}") = "SuperDigital.Domain", "SuperDigital.Domain\SuperDigital.Domain.csproj", "{E110F352-2F82-4A73-9270-1014631242FF}"
EndProject
Project("{2150E333-8FDC-42A3-9474-1A3956D46DE8}") = "3-InfraEstrutura", "3-InfraEstrutura", "{0F50101C-F788-46E2-928A-44DEF9CA35C4}"
EndProject
Project("{2150E333-8FDC-42A3-9474-1A3956D46DE8}") = "4-Teste", "4-Teste", "{6C39AEB9-DF0C-4D8B-8DDC-4D11FF2232DC}"
EndProject
Project("{9A19103F-16F7-4668-BE54-9A1E7A4F7556}") = "SuperDigital.Infra", "SuperDigital.Infra\SuperDigital.Infra.csproj", "{5D56F576-8EC7-44F5-A627-680734620CF4}"
EndProject
Project("{9A19103F-16F7-4668-BE54-9A1E7A4F7556}") = "SuperDigital.Test", "SuperDigital.Test\SuperDigital.Test.csproj", "{123743BC-A3CF-4464-BF92-9C7BFAF7D889}"
EndProject
Project("{FAE04EC0-301F-11D3-BF4B-00C04F79EFBC}") = "SuperDigital.Common", "SuperDigital.Common\SuperDigital.Common.csproj", "{09041494-9A15-4B46-9902-5939BA032A0E}"
EndProject
Project("{FAE04EC0-301F-11D3-BF4B-00C04F79EFBC}") = "SuperDigital.Api", "SuperDigital.Api\SuperDigital.Api.csproj", "{DD34BFB7-2F3C-4914-B675-0000C17F022F}"
EndProject
Project("{FAE04EC0-301F-11D3-BF4B-00C04F79EFBC}") = "SuperDigital.Moq", "SuperDigital.Moq\SuperDigital.Moq.csproj", "{10F01F80-3E1B-48B9-BDF1-FE5BA8022C4D}"
EndProject
Project("{2150E333-8FDC-42A3-9474-1A3956D46DE8}") = "Solution Items", "Solution Items", "{DEC60227-EE16-43C4-AF8B-D192BD0259F8}"
	ProjectSection(SolutionItems) = preProject
		Respostas.txt = Respostas.txt
	EndProjectSection
EndProject
Global
	GlobalSection(SolutionConfigurationPlatforms) = preSolution
		Debug|Any CPU = Debug|Any CPU
		Release|Any CPU = Release|Any CPU
	EndGlobalSection
	GlobalSection(ProjectConfigurationPlatforms) = postSolution
		{E110F352-2F82-4A73-9270-1014631242FF}.Debug|Any CPU.ActiveCfg = Debug|Any CPU
		{E110F352-2F82-4A73-9270-1014631242FF}.Debug|Any CPU.Build.0 = Debug|Any CPU
		{E110F352-2F82-4A73-9270-1014631242FF}.Release|Any CPU.ActiveCfg = Release|Any CPU
		{E110F352-2F82-4A73-9270-1014631242FF}.Release|Any CPU.Build.0 = Release|Any CPU
		{5D56F576-8EC7-44F5-A627-680734620CF4}.Debug|Any CPU.ActiveCfg = Debug|Any CPU
		{5D56F576-8EC7-44F5-A627-680734620CF4}.Debug|Any CPU.Build.0 = Debug|Any CPU
		{5D56F576-8EC7-44F5-A627-680734620CF4}.Release|Any CPU.ActiveCfg = Release|Any CPU
		{5D56F576-8EC7-44F5-A627-680734620CF4}.Release|Any CPU.Build.0 = Release|Any CPU
		{123743BC-A3CF-4464-BF92-9C7BFAF7D889}.Debug|Any CPU.ActiveCfg = Debug|Any CPU
		{123743BC-A3CF-4464-BF92-9C7BFAF7D889}.Debug|Any CPU.Build.0 = Debug|Any CPU
		{123743BC-A3CF-4464-BF92-9C7BFAF7D889}.Release|Any CPU.ActiveCfg = Release|Any CPU
		{123743BC-A3CF-4464-BF92-9C7BFAF7D889}.Release|Any CPU.Build.0 = Release|Any CPU
		{09041494-9A15-4B46-9902-5939BA032A0E}.Debug|Any CPU.ActiveCfg = Debug|Any CPU
		{09041494-9A15-4B46-9902-5939BA032A0E}.Debug|Any CPU.Build.0 = Debug|Any CPU
		{09041494-9A15-4B46-9902-5939BA032A0E}.Release|Any CPU.ActiveCfg = Release|Any CPU
		{09041494-9A15-4B46-9902-5939BA032A0E}.Release|Any CPU.Build.0 = Release|Any CPU
		{DD34BFB7-2F3C-4914-B675-0000C17F022F}.Debug|Any CPU.ActiveCfg = Debug|Any CPU
		{DD34BFB7-2F3C-4914-B675-0000C17F022F}.Debug|Any CPU.Build.0 = Debug|Any CPU
		{DD34BFB7-2F3C-4914-B675-0000C17F022F}.Release|Any CPU.ActiveCfg = Release|Any CPU
		{DD34BFB7-2F3C-4914-B675-0000C17F022F}.Release|Any CPU.Build.0 = Release|Any CPU
		{10F01F80-3E1B-48B9-BDF1-FE5BA8022C4D}.Debug|Any CPU.ActiveCfg = Debug|Any CPU
		{10F01F80-3E1B-48B9-BDF1-FE5BA8022C4D}.Debug|Any CPU.Build.0 = Debug|Any CPU
		{10F01F80-3E1B-48B9-BDF1-FE5BA8022C4D}.Release|Any CPU.ActiveCfg = Release|Any CPU
		{10F01F80-3E1B-48B9-BDF1-FE5BA8022C4D}.Release|Any CPU.Build.0 = Release|Any CPU
	EndGlobalSection
	GlobalSection(SolutionProperties) = preSolution
		HideSolutionNode = FALSE
	EndGlobalSection
	GlobalSection(NestedProjects) = preSolution
		{E110F352-2F82-4A73-9270-1014631242FF} = {B02FAD06-F556-4B5F-92CF-BDC5D2B6FB15}
		{5D56F576-8EC7-44F5-A627-680734620CF4} = {0F50101C-F788-46E2-928A-44DEF9CA35C4}
		{123743BC-A3CF-4464-BF92-9C7BFAF7D889} = {6C39AEB9-DF0C-4D8B-8DDC-4D11FF2232DC}
		{09041494-9A15-4B46-9902-5939BA032A0E} = {0F50101C-F788-46E2-928A-44DEF9CA35C4}
		{DD34BFB7-2F3C-4914-B675-0000C17F022F} = {C55AADB8-1A21-4589-ABDD-3CE678B57803}
		{10F01F80-3E1B-48B9-BDF1-FE5BA8022C4D} = {0F50101C-F788-46E2-928A-44DEF9CA35C4}
	EndGlobalSection
	GlobalSection(ExtensibilityGlobals) = postSolution
		SolutionGuid = {C815D8E3-B7A6-40A6-96ED-35C573A15128}
	EndGlobalSection
EndGlobal
